
Microsoft Visual Studio Solution File, Format Version 12.00
# Visual Studio 2012
VisualStudioVersion = 12.0.30501.0
MinimumVisualStudioVersion = 10.0.40219.1
Project("{FAE04EC0-301F-11D3-BF4B-00C04F79EFBC}") = "Projector.Data", "Projector.Data\Projector.Data.csproj", "{C85A7F90-567C-49FE-8D9C-03C1C544078D}"
EndProject
Project("{FAE04EC0-301F-11D3-BF4B-00C04F79EFBC}") = "Projector.IO", "Projector.IO\Projector.IO.csproj", "{5741250F-9706-4503-8536-DEE6FA8F48E2}"
EndProject
Project("{FAE04EC0-301F-11D3-BF4B-00C04F79EFBC}") = "Projector.Data.Test", "Projector.Data.Test\Projector.Data.Test.csproj", "{BDABD50F-5A9A-4267-92D0-63BB7024BADB}"
EndProject
Project("{2150E333-8FDC-42A3-9474-1A3956D46DE8}") = ".nuget", ".nuget", "{41983F22-3CB3-47F8-9C2F-328AF28D811D}"
	ProjectSection(SolutionItems) = preProject
		.nuget\NuGet.Config = .nuget\NuGet.Config
		.nuget\NuGet.exe = .nuget\NuGet.exe
		.nuget\NuGet.targets = .nuget\NuGet.targets
	EndProjectSection
EndProject
Project("{FAE04EC0-301F-11D3-BF4B-00C04F79EFBC}") = "Projector.Playground", "Projector.Playground\Projector.Playground.csproj", "{397BE1D0-95E2-47B4-B9C4-7D1939E88B27}"
EndProject
Project("{FAE04EC0-301F-11D3-BF4B-00C04F79EFBC}") = "Projector.Client", "Projector.Client\Projector.Client.csproj", "{52A938A0-BB56-4A1B-936F-D522BCC8EC21}"
EndProject
Project("{FAE04EC0-301F-11D3-BF4B-00C04F79EFBC}") = "Projector.IO.Test", "Projector.IO.Test\Projector.IO.Test.csproj", "{EB463127-BEC3-4321-9B6C-BA4616354250}"
EndProject
Project("{FAE04EC0-301F-11D3-BF4B-00C04F79EFBC}") = "Projector.IO.Implementation", "Projector.IO.Implementation\Projector.IO.Implementation.csproj", "{7ADA17FE-24F5-4CD7-AFA6-DC9F431FAF11}"
EndProject
Project("{FAE04EC0-301F-11D3-BF4B-00C04F79EFBC}") = "Projector.IO.Implementation.Test", "Projector.IO.Implementation.Test\Projector.IO.Implementation.Test.csproj", "{91978678-E3C3-4999-B1A6-6A15CCE9AB04}"
EndProject
Project("{FAE04EC0-301F-11D3-BF4B-00C04F79EFBC}") = "Projector.Collections", "Projector.Collections\Projector.Collections.csproj", "{64D57CE0-67F9-46B6-98B6-9C0A0B69613C}"
EndProject
Global
	GlobalSection(SolutionConfigurationPlatforms) = preSolution
		Debug|Any CPU = Debug|Any CPU
		Release|Any CPU = Release|Any CPU
	EndGlobalSection
	GlobalSection(ProjectConfigurationPlatforms) = postSolution
		{397BE1D0-95E2-47B4-B9C4-7D1939E88B27}.Debug|Any CPU.ActiveCfg = Debug|Any CPU
		{397BE1D0-95E2-47B4-B9C4-7D1939E88B27}.Debug|Any CPU.Build.0 = Debug|Any CPU
		{397BE1D0-95E2-47B4-B9C4-7D1939E88B27}.Release|Any CPU.ActiveCfg = Release|Any CPU
		{397BE1D0-95E2-47B4-B9C4-7D1939E88B27}.Release|Any CPU.Build.0 = Release|Any CPU
		{52A938A0-BB56-4A1B-936F-D522BCC8EC21}.Debug|Any CPU.ActiveCfg = Debug|Any CPU
		{52A938A0-BB56-4A1B-936F-D522BCC8EC21}.Debug|Any CPU.Build.0 = Debug|Any CPU
		{52A938A0-BB56-4A1B-936F-D522BCC8EC21}.Release|Any CPU.ActiveCfg = Release|Any CPU
		{52A938A0-BB56-4A1B-936F-D522BCC8EC21}.Release|Any CPU.Build.0 = Release|Any CPU
		{5741250F-9706-4503-8536-DEE6FA8F48E2}.Debug|Any CPU.ActiveCfg = Debug|Any CPU
		{5741250F-9706-4503-8536-DEE6FA8F48E2}.Debug|Any CPU.Build.0 = Debug|Any CPU
		{5741250F-9706-4503-8536-DEE6FA8F48E2}.Release|Any CPU.ActiveCfg = Release|Any CPU
		{5741250F-9706-4503-8536-DEE6FA8F48E2}.Release|Any CPU.Build.0 = Release|Any CPU
		{64D57CE0-67F9-46B6-98B6-9C0A0B69613C}.Debug|Any CPU.ActiveCfg = Debug|Any CPU
		{64D57CE0-67F9-46B6-98B6-9C0A0B69613C}.Debug|Any CPU.Build.0 = Debug|Any CPU
		{64D57CE0-67F9-46B6-98B6-9C0A0B69613C}.Release|Any CPU.ActiveCfg = Release|Any CPU
		{64D57CE0-67F9-46B6-98B6-9C0A0B69613C}.Release|Any CPU.Build.0 = Release|Any CPU
		{7ADA17FE-24F5-4CD7-AFA6-DC9F431FAF11}.Debug|Any CPU.ActiveCfg = Debug|Any CPU
		{7ADA17FE-24F5-4CD7-AFA6-DC9F431FAF11}.Debug|Any CPU.Build.0 = Debug|Any CPU
		{7ADA17FE-24F5-4CD7-AFA6-DC9F431FAF11}.Release|Any CPU.ActiveCfg = Release|Any CPU
		{7ADA17FE-24F5-4CD7-AFA6-DC9F431FAF11}.Release|Any CPU.Build.0 = Release|Any CPU
		{91978678-E3C3-4999-B1A6-6A15CCE9AB04}.Debug|Any CPU.ActiveCfg = Debug|Any CPU
		{91978678-E3C3-4999-B1A6-6A15CCE9AB04}.Debug|Any CPU.Build.0 = Debug|Any CPU
		{91978678-E3C3-4999-B1A6-6A15CCE9AB04}.Release|Any CPU.ActiveCfg = Release|Any CPU
		{91978678-E3C3-4999-B1A6-6A15CCE9AB04}.Release|Any CPU.Build.0 = Release|Any CPU
		{BDABD50F-5A9A-4267-92D0-63BB7024BADB}.Debug|Any CPU.ActiveCfg = Debug|Any CPU
		{BDABD50F-5A9A-4267-92D0-63BB7024BADB}.Debug|Any CPU.Build.0 = Debug|Any CPU
		{BDABD50F-5A9A-4267-92D0-63BB7024BADB}.Release|Any CPU.ActiveCfg = Release|Any CPU
		{BDABD50F-5A9A-4267-92D0-63BB7024BADB}.Release|Any CPU.Build.0 = Release|Any CPU
		{C85A7F90-567C-49FE-8D9C-03C1C544078D}.Debug|Any CPU.ActiveCfg = Debug|Any CPU
		{C85A7F90-567C-49FE-8D9C-03C1C544078D}.Debug|Any CPU.Build.0 = Debug|Any CPU
		{C85A7F90-567C-49FE-8D9C-03C1C544078D}.Release|Any CPU.ActiveCfg = Release|Any CPU
		{C85A7F90-567C-49FE-8D9C-03C1C544078D}.Release|Any CPU.Build.0 = Release|Any CPU
		{EB463127-BEC3-4321-9B6C-BA4616354250}.Debug|Any CPU.ActiveCfg = Debug|Any CPU
		{EB463127-BEC3-4321-9B6C-BA4616354250}.Debug|Any CPU.Build.0 = Debug|Any CPU
		{EB463127-BEC3-4321-9B6C-BA4616354250}.Release|Any CPU.ActiveCfg = Release|Any CPU
		{EB463127-BEC3-4321-9B6C-BA4616354250}.Release|Any CPU.Build.0 = Release|Any CPU
	EndGlobalSection
	GlobalSection(NestedProjects) = preSolution
	EndGlobalSection
	GlobalSection(SolutionProperties) = preSolution
		HideSolutionNode = FALSE
	EndGlobalSection
EndGlobal
